
Microsoft Visual Studio Solution File, Format Version 12.00
# Visual Studio Version 16
VisualStudioVersion = 16.0.31129.286
MinimumVisualStudioVersion = 10.0.40219.1
Project("{2150E333-8FDC-42A3-9474-1A3956D46DE8}") = "CleanArch.Application", "CleanArch.Application", "{F4B8A58A-D5BD-4F68-8DDB-9D6104C16EC8}"
EndProject
Project("{2150E333-8FDC-42A3-9474-1A3956D46DE8}") = "CleanArch.Domain", "CleanArch.Domain", "{1C14A188-0FAF-443F-BA9C-F18DC8AC2C11}"
EndProject
Project("{2150E333-8FDC-42A3-9474-1A3956D46DE8}") = "CleanArch.Infra.IoC", "CleanArch.Infra.IoC", "{BCAE60B0-B3D5-4EBE-B7E1-A97FAB023D7E}"
EndProject
Project("{2150E333-8FDC-42A3-9474-1A3956D46DE8}") = "CleanArch.Infra.Data", "CleanArch.Infra.Data", "{33B909FE-BE79-4186-84EC-A8977E1B6276}"
EndProject
Project("{2150E333-8FDC-42A3-9474-1A3956D46DE8}") = "CleanArch.Presentation", "CleanArch.Presentation", "{D79DEB75-06D1-4437-B928-8646680ACFC3}"
EndProject
Project("{9A19103F-16F7-4668-BE54-9A1E7A4F7556}") = "CleanArch.MVC", "CleanArch.MVC\CleanArch.MVC.csproj", "{BEF25414-601D-48A8-A871-02D8C9B768CC}"
EndProject
Project("{9A19103F-16F7-4668-BE54-9A1E7A4F7556}") = "CleanArch.Domain", "CleanArch.Domain\CleanArch.Domain.csproj", "{7BF9201B-369D-4AA9-8699-418B55B90311}"
EndProject
Project("{9A19103F-16F7-4668-BE54-9A1E7A4F7556}") = "CleanArch.Infra.Data", "CleanArch.Infra.Data\CleanArch.Infra.Data.csproj", "{FA4EE533-B642-4C96-B36D-3CD148FD47C9}"
EndProject
Project("{9A19103F-16F7-4668-BE54-9A1E7A4F7556}") = "CleanArch.Application", "CleanArch.Application\CleanArch.Application.csproj", "{6F0DB20B-9F6D-4982-AD23-A9D050DDC54B}"
EndProject
Project("{9A19103F-16F7-4668-BE54-9A1E7A4F7556}") = "CleanArch.Infra.IoC", "CleanArch.Infra.IoC\CleanArch.Infra.IoC.csproj", "{75F7A75C-4A3D-4543-96D0-7FF7316CEBCC}"
EndProject
Project("{2150E333-8FDC-42A3-9474-1A3956D46DE8}") = "CleanArch.Infra.Bus", "CleanArch.Infra.Bus", "{17D7FCF7-41E7-44EA-985C-2ADC0D23B4DE}"
EndProject
Project("{2150E333-8FDC-42A3-9474-1A3956D46DE8}") = "CleanArch.API", "CleanArch.API", "{7A9BD1BC-6641-44F3-9765-C5F8BCD8FD15}"
EndProject
Project("{9A19103F-16F7-4668-BE54-9A1E7A4F7556}") = "CleanArch.Infra.Bus", "CleanArch.Infra.Bus\CleanArch.Infra.Bus.csproj", "{5818970E-30F4-40AE-9207-A18426E77008}"
EndProject
Project("{9A19103F-16F7-4668-BE54-9A1E7A4F7556}") = "CleanArch.Domain.Core", "CleanArch.Domain.Core\CleanArch.Domain.Core.csproj", "{33A83DA1-B3E8-45FA-8A70-23FE43C0BEB2}"
EndProject
Project("{FAE04EC0-301F-11D3-BF4B-00C04F79EFBC}") = "CleanArch.API", "CleanArch.API\CleanArch.API.csproj", "{A04845E8-E7D3-4AC1-871D-0CD22D01A289}"
EndProject
Global
	GlobalSection(SolutionConfigurationPlatforms) = preSolution
		Debug|Any CPU = Debug|Any CPU
		Release|Any CPU = Release|Any CPU
	EndGlobalSection
	GlobalSection(ProjectConfigurationPlatforms) = postSolution
		{BEF25414-601D-48A8-A871-02D8C9B768CC}.Debug|Any CPU.ActiveCfg = Debug|Any CPU
		{BEF25414-601D-48A8-A871-02D8C9B768CC}.Debug|Any CPU.Build.0 = Debug|Any CPU
		{BEF25414-601D-48A8-A871-02D8C9B768CC}.Release|Any CPU.ActiveCfg = Release|Any CPU
		{BEF25414-601D-48A8-A871-02D8C9B768CC}.Release|Any CPU.Build.0 = Release|Any CPU
		{7BF9201B-369D-4AA9-8699-418B55B90311}.Debug|Any CPU.ActiveCfg = Debug|Any CPU
		{7BF9201B-369D-4AA9-8699-418B55B90311}.Debug|Any CPU.Build.0 = Debug|Any CPU
		{7BF9201B-369D-4AA9-8699-418B55B90311}.Release|Any CPU.ActiveCfg = Release|Any CPU
		{7BF9201B-369D-4AA9-8699-418B55B90311}.Release|Any CPU.Build.0 = Release|Any CPU
		{FA4EE533-B642-4C96-B36D-3CD148FD47C9}.Debug|Any CPU.ActiveCfg = Debug|Any CPU
		{FA4EE533-B642-4C96-B36D-3CD148FD47C9}.Debug|Any CPU.Build.0 = Debug|Any CPU
		{FA4EE533-B642-4C96-B36D-3CD148FD47C9}.Release|Any CPU.ActiveCfg = Release|Any CPU
		{FA4EE533-B642-4C96-B36D-3CD148FD47C9}.Release|Any CPU.Build.0 = Release|Any CPU
		{6F0DB20B-9F6D-4982-AD23-A9D050DDC54B}.Debug|Any CPU.ActiveCfg = Debug|Any CPU
		{6F0DB20B-9F6D-4982-AD23-A9D050DDC54B}.Debug|Any CPU.Build.0 = Debug|Any CPU
		{6F0DB20B-9F6D-4982-AD23-A9D050DDC54B}.Release|Any CPU.ActiveCfg = Release|Any CPU
		{6F0DB20B-9F6D-4982-AD23-A9D050DDC54B}.Release|Any CPU.Build.0 = Release|Any CPU
		{75F7A75C-4A3D-4543-96D0-7FF7316CEBCC}.Debug|Any CPU.ActiveCfg = Debug|Any CPU
		{75F7A75C-4A3D-4543-96D0-7FF7316CEBCC}.Debug|Any CPU.Build.0 = Debug|Any CPU
		{75F7A75C-4A3D-4543-96D0-7FF7316CEBCC}.Release|Any CPU.ActiveCfg = Release|Any CPU
		{75F7A75C-4A3D-4543-96D0-7FF7316CEBCC}.Release|Any CPU.Build.0 = Release|Any CPU
		{5818970E-30F4-40AE-9207-A18426E77008}.Debug|Any CPU.ActiveCfg = Debug|Any CPU
		{5818970E-30F4-40AE-9207-A18426E77008}.Debug|Any CPU.Build.0 = Debug|Any CPU
		{5818970E-30F4-40AE-9207-A18426E77008}.Release|Any CPU.ActiveCfg = Release|Any CPU
		{5818970E-30F4-40AE-9207-A18426E77008}.Release|Any CPU.Build.0 = Release|Any CPU
		{33A83DA1-B3E8-45FA-8A70-23FE43C0BEB2}.Debug|Any CPU.ActiveCfg = Debug|Any CPU
		{33A83DA1-B3E8-45FA-8A70-23FE43C0BEB2}.Debug|Any CPU.Build.0 = Debug|Any CPU
		{33A83DA1-B3E8-45FA-8A70-23FE43C0BEB2}.Release|Any CPU.ActiveCfg = Release|Any CPU
		{33A83DA1-B3E8-45FA-8A70-23FE43C0BEB2}.Release|Any CPU.Build.0 = Release|Any CPU
		{A04845E8-E7D3-4AC1-871D-0CD22D01A289}.Debug|Any CPU.ActiveCfg = Debug|Any CPU
		{A04845E8-E7D3-4AC1-871D-0CD22D01A289}.Debug|Any CPU.Build.0 = Debug|Any CPU
		{A04845E8-E7D3-4AC1-871D-0CD22D01A289}.Release|Any CPU.ActiveCfg = Release|Any CPU
		{A04845E8-E7D3-4AC1-871D-0CD22D01A289}.Release|Any CPU.Build.0 = Release|Any CPU
	EndGlobalSection
	GlobalSection(SolutionProperties) = preSolution
		HideSolutionNode = FALSE
	EndGlobalSection
	GlobalSection(NestedProjects) = preSolution
		{BEF25414-601D-48A8-A871-02D8C9B768CC} = {D79DEB75-06D1-4437-B928-8646680ACFC3}
		{7BF9201B-369D-4AA9-8699-418B55B90311} = {1C14A188-0FAF-443F-BA9C-F18DC8AC2C11}
		{FA4EE533-B642-4C96-B36D-3CD148FD47C9} = {33B909FE-BE79-4186-84EC-A8977E1B6276}
		{6F0DB20B-9F6D-4982-AD23-A9D050DDC54B} = {F4B8A58A-D5BD-4F68-8DDB-9D6104C16EC8}
		{75F7A75C-4A3D-4543-96D0-7FF7316CEBCC} = {BCAE60B0-B3D5-4EBE-B7E1-A97FAB023D7E}
		{5818970E-30F4-40AE-9207-A18426E77008} = {17D7FCF7-41E7-44EA-985C-2ADC0D23B4DE}
		{33A83DA1-B3E8-45FA-8A70-23FE43C0BEB2} = {1C14A188-0FAF-443F-BA9C-F18DC8AC2C11}
		{A04845E8-E7D3-4AC1-871D-0CD22D01A289} = {7A9BD1BC-6641-44F3-9765-C5F8BCD8FD15}
	EndGlobalSection
	GlobalSection(ExtensibilityGlobals) = postSolution
		SolutionGuid = {F0C8415F-FBFA-4367-9786-EBA727EE8ADE}
	EndGlobalSection
EndGlobal
